PODS:
  - PocketSocket (1.0.1):
    - PocketSocket/Client (= 1.0.1)
    - PocketSocket/Core (= 1.0.1)
    - PocketSocket/Server (= 1.0.1)
  - PocketSocket/Client (1.0.1):
    - PocketSocket/Core
  - PocketSocket/Core (1.0.1)
  - PocketSocket/Server (1.0.1):
    - PocketSocket/Client

DEPENDENCIES:
  - PocketSocket (~> 1.0.1)

SPEC REPOS:
  https://github.com/CocoaPods/Specs.git:
    - PocketSocket

SPEC CHECKSUMS:
  PocketSocket: 9c6867d66fb4f962af96b9b07f4b45bb561b2c2a

PODFILE CHECKSUM: 4a97b322390291daebabedf4617a1b72f8d79017

COCOAPODS: 1.5.0
